// !$*UTF8*$!
{
	archiveVersion = 1;
	classes = {
	};
	objectVersion = 46;
	objects = {

/* Begin PBXBuildFile section */
		7BAF54AC1E010E1900DFF5B0 /* main.m in Sources */ = {isa = PBXBuildFile; fileRef = 7BAF54AB1E010E1900DFF5B0 /* main.m */; };
		7BAF54AF1E010E1900DFF5B0 /* AppDelegate.m in Sources */ = {isa = PBXBuildFile; fileRef = 7BAF54AE1E010E1900DFF5B0 /* AppDelegate.m */; };
		7BAF54B21E010E1900DFF5B0 /* ViewController.m in Sources */ = {isa = PBXBuildFile; fileRef = 7BAF54B11E010E1900DFF5B0 /* ViewController.m */; };
		7BAF54B51E010E1900DFF5B0 /* Main.storyboard in Resources */ = {isa = PBXBuildFile; fileRef = 7BAF54B31E010E1900DFF5B0 /* Main.storyboard */; };
		7BAF54B71E010E1900DFF5B0 /* Assets.xcassets in Resources */ = {isa = PBXBuildFile; fileRef = 7BAF54B61E010E1900DFF5B0 /* Assets.xcassets */; };
		7BAF54BA1E010E1900DFF5B0 /* LaunchScreen.storyboard in Resources */ = {isa = PBXBuildFile; fileRef = 7BAF54B81E010E1900DFF5B0 /* LaunchScreen.storyboard */; };
		7BAF54C51E010E1900DFF5B0 /* TimeLineCellTests.m in Sources */ = {isa = PBXBuildFile; fileRef = 7BAF54C41E010E1900DFF5B0 /* TimeLineCellTests.m */; };
		7BAF54D01E010E1900DFF5B0 /* TimeLineCellUITests.m in Sources */ = {isa = PBXBuildFile; fileRef = 7BAF54CF1E010E1900DFF5B0 /* TimeLineCellUITests.m */; };
		7BAF54EA1E01138900DFF5B0 /* TimeTableViewCell.m in Sources */ = {isa = PBXBuildFile; fileRef = 7BAF54E81E01138900DFF5B0 /* TimeTableViewCell.m */; };
		7BAF54EB1E01138900DFF5B0 /* TimeTableViewCell.xib in Resources */ = {isa = PBXBuildFile; fileRef = 7BAF54E91E01138900DFF5B0 /* TimeTableViewCell.xib */; };
		7BAF54EE1E0114A900DFF5B0 /* TimeModel.m in Sources */ = {isa = PBXBuildFile; fileRef = 7BAF54ED1E0114A900DFF5B0 /* TimeModel.m */; };
		7BAF54F01E014ACB00DFF5B0 /* 时间线进度.png in Resources */ = {isa = PBXBuildFile; fileRef = 7BAF54EF1E014ACB00DFF5B0 /* 时间线进度.png */; };
/* End PBXBuildFile section */

/* Begin PBXContainerItemProxy section */
		7BAF54C11E010E1900DFF5B0 /* PBXContainerItemProxy */ = {
			isa = PBXContainerItemProxy;
			containerPortal = 7BAF549F1E010E1900DFF5B0 /* Project object */;
			proxyType = 1;
			remoteGlobalIDString = 7BAF54A61E010E1900DFF5B0;
			remoteInfo = TimeLineCell;
		};
		7BAF54CC1E010E1900DFF5B0 /* PBXContainerItemProxy */ = {
			isa = PBXContainerItemProxy;
			containerPortal = 7BAF549F1E010E1900DFF5B0 /* Project object */;
			proxyType = 1;
			remoteGlobalIDString = 7BAF54A61E010E1900DFF5B0;
			remoteInfo = TimeLineCell;
		};
/* End PBXContainerItemProxy section */

/* Begin PBXFileReference section */
		7BAF54A71E010E1900DFF5B0 /* TimeLineCell.app */ = {isa = PBXFileReference; explicitFileType = wrapper.application; includeInIndex = 0; path = TimeLineCell.app; sourceTree = BUILT_PRODUCTS_DIR; };
		7BAF54AB1E010E1900DFF5B0 /* main.m */ = {isa = PBXFileReference; lastKnownFileType = sourcecode.c.objc; path = main.m; sourceTree = "<group>"; };
		7BAF54AD1E010E1900DFF5B0 /* AppDelegate.h */ = {isa = PBXFileReference; lastKnownFileType = sourcecode.c.h; path = AppDelegate.h; sourceTree = "<group>"; };
		7BAF54AE1E010E1900DFF5B0 /* AppDelegate.m */ = {isa = PBXFileReference; lastKnownFileType = sourcecode.c.objc; path = AppDelegate.m; sourceTree = "<group>"; };
		7BAF54B01E010E1900DFF5B0 /* ViewController.h */ = {isa = PBXFileReference; lastKnownFileType = sourcecode.c.h; path = ViewController.h; sourceTree = "<group>"; };
		7BAF54B11E010E1900DFF5B0 /* ViewController.m */ = {isa = PBXFileReference; lastKnownFileType = sourcecode.c.objc; path = ViewController.m; sourceTree = "<group>"; };
		7BAF54B41E010E1900DFF5B0 /* Base */ = {isa = PBXFileReference; lastKnownFileType = file.storyboard; name = Base; path = Base.lproj/Main.storyboard; sourceTree = "<group>"; };
		7BAF54B61E010E1900DFF5B0 /* Assets.xcassets */ = {isa = PBXFileReference; lastKnownFileType = folder.assetcatalog; path = Assets.xcassets; sourceTree = "<group>"; };
		7BAF54B91E010E1900DFF5B0 /* Base */ = {isa = PBXFileReference; lastKnownFileType = file.storyboard; name = Base; path = Base.lproj/LaunchScreen.storyboard; sourceTree = "<group>"; };
		7BAF54BB1E010E1900DFF5B0 /* Info.plist */ = {isa = PBXFileReference; lastKnownFileType = text.plist.xml; path = Info.plist; sourceTree = "<group>"; };
		7BAF54C01E010E1900DFF5B0 /* TimeLineCellTests.xctest */ = {isa = PBXFileReference; explicitFileType = wrapper.cfbundle; includeInIndex = 0; path = TimeLineCellTests.xctest; sourceTree = BUILT_PRODUCTS_DIR; };
		7BAF54C41E010E1900DFF5B0 /* TimeLineCellTests.m */ = {isa = PBXFileReference; lastKnownFileType = sourcecode.c.objc; path = TimeLineCellTests.m; sourceTree = "<group>"; };
		7BAF54C61E010E1900DFF5B0 /* Info.plist */ = {isa = PBXFileReference; lastKnownFileType = text.plist.xml; path = Info.plist; sourceTree = "<group>"; };
		7BAF54CB1E010E1900DFF5B0 /* TimeLineCellUITests.xctest */ = {isa = PBXFileReference; explicitFileType = wrapper.cfbundle; includeInIndex = 0; path = TimeLineCellUITests.xctest; sourceTree = BUILT_PRODUCTS_DIR; };
		7BAF54CF1E010E1900DFF5B0 /* TimeLineCellUITests.m */ = {isa = PBXFileReference; lastKnownFileType = sourcecode.c.objc; path = TimeLineCellUITests.m; sourceTree = "<group>"; };
		7BAF54D11E010E1900DFF5B0 /* Info.plist */ = {isa = PBXFileReference; lastKnownFileType = text.plist.xml; path = Info.plist; sourceTree = "<group>"; };
		7BAF54E71E01138900DFF5B0 /* TimeTableViewCell.h */ = {isa = PBXFileReference; fileEncoding = 4; lastKnownFileType = sourcecode.c.h; path = TimeTableViewCell.h; sourceTree = "<group>"; };
		7BAF54E81E01138900DFF5B0 /* TimeTableViewCell.m */ = {isa = PBXFileReference; fileEncoding = 4; lastKnownFileType = sourcecode.c.objc; path = TimeTableViewCell.m; sourceTree = "<group>"; };
		7BAF54E91E01138900DFF5B0 /* TimeTableViewCell.xib */ = {isa = PBXFileReference; fileEncoding = 4; lastKnownFileType = file.xib; path = TimeTableViewCell.xib; sourceTree = "<group>"; };
		7BAF54EC1E0114A900DFF5B0 /* TimeModel.h */ = {isa = PBXFileReference; fileEncoding = 4; lastKnownFileType = sourcecode.c.h; path = TimeModel.h; sourceTree = "<group>"; };
		7BAF54ED1E0114A900DFF5B0 /* TimeModel.m */ = {isa = PBXFileReference; fileEncoding = 4; lastKnownFileType = sourcecode.c.objc; path = TimeModel.m; sourceTree = "<group>"; };
		7BAF54EF1E014ACB00DFF5B0 /* 时间线进度.png */ = {isa = PBXFileReference; lastKnownFileType = image.png; path = "时间线进度.png"; sourceTree = "<group>"; };
/* End PBXFileReference section */

/* Begin PBXFrameworksBuildPhase section */
		7BAF54A41E010E1900DFF5B0 /* Frameworks */ = {
			isa = PBXFrameworksBuildPhase;
			buildActionMask = 2147483647;
			files = (
			);
			runOnlyForDeploymentPostprocessing = 0;
		};
		7BAF54BD1E010E1900DFF5B0 /* Frameworks */ = {
			isa = PBXFrameworksBuildPhase;
			buildActionMask = 2147483647;
			files = (
			);
			runOnlyForDeploymentPostprocessing = 0;
		};
		7BAF54C81E010E1900DFF5B0 /* Frameworks */ = {
			isa = PBXFrameworksBuildPhase;
			buildActionMask = 2147483647;
			files = (
			);
			runOnlyForDeploymentPostprocessing = 0;
		};
/* End PBXFrameworksBuildPhase section */

/* Begin PBXGroup section */
		7BAF549E1E010E1900DFF5B0 = {
			isa = PBXGroup;
			children = (
				7BAF54A91E010E1900DFF5B0 /* TimeLineCell */,
				7BAF54C31E010E1900DFF5B0 /* TimeLineCellTests */,
				7BAF54CE1E010E1900DFF5B0 /* TimeLineCellUITests */,
				7BAF54A81E010E1900DFF5B0 /* Products */,
			);
			sourceTree = "<group>";
		};
		7BAF54A81E010E1900DFF5B0 /* Products */ = {
			isa = PBXGroup;
			children = (
				7BAF54A71E010E1900DFF5B0 /* TimeLineCell.app */,
				7BAF54C01E010E1900DFF5B0 /* TimeLineCellTests.xctest */,
				7BAF54CB1E010E1900DFF5B0 /* TimeLineCellUITests.xctest */,
			);
			name = Products;
			sourceTree = "<group>";
		};
		7BAF54A91E010E1900DFF5B0 /* TimeLineCell */ = {
			isa = PBXGroup;
			children = (
				7BAF54AD1E010E1900DFF5B0 /* AppDelegate.h */,
				7BAF54AE1E010E1900DFF5B0 /* AppDelegate.m */,
				7BAF54B01E010E1900DFF5B0 /* ViewController.h */,
				7BAF54B11E010E1900DFF5B0 /* ViewController.m */,
				7BAF54E71E01138900DFF5B0 /* TimeTableViewCell.h */,
				7BAF54E81E01138900DFF5B0 /* TimeTableViewCell.m */,
				7BAF54E91E01138900DFF5B0 /* TimeTableViewCell.xib */,
				7BAF54EC1E0114A900DFF5B0 /* TimeModel.h */,
				7BAF54ED1E0114A900DFF5B0 /* TimeModel.m */,
				7BAF54B31E010E1900DFF5B0 /* Main.storyboard */,
				7BAF54B61E010E1900DFF5B0 /* Assets.xcassets */,
				7BAF54B81E010E1900DFF5B0 /* LaunchScreen.storyboard */,
				7BAF54BB1E010E1900DFF5B0 /* Info.plist */,
				7BAF54EF1E014ACB00DFF5B0 /* 时间线进度.png */,
				7BAF54AA1E010E1900DFF5B0 /* Supporting Files */,
			);
			path = TimeLineCell;
			sourceTree = "<group>";
		};
		7BAF54AA1E010E1900DFF5B0 /* Supporting Files */ = {
			isa = PBXGroup;
			children = (
				7BAF54AB1E010E1900DFF5B0 /* main.m */,
			);
			name = "Supporting Files";
			sourceTree = "<group>";
		};
		7BAF54C31E010E1900DFF5B0 /* TimeLineCellTests */ = {
			isa = PBXGroup;
			children = (
				7BAF54C41E010E1900DFF5B0 /* TimeLineCellTests.m */,
				7BAF54C61E010E1900DFF5B0 /* Info.plist */,
			);
			path = TimeLineCellTests;
			sourceTree = "<group>";
		};
		7BAF54CE1E010E1900DFF5B0 /* TimeLineCellUITests */ = {
			isa = PBXGroup;
			children = (
				7BAF54CF1E010E1900DFF5B0 /* TimeLineCellUITests.m */,
				7BAF54D11E010E1900DFF5B0 /* Info.plist */,
			);
			path = TimeLineCellUITests;
			sourceTree = "<group>";
		};
/* End PBXGroup section */

/* Begin PBXNativeTarget section */
		7BAF54A61E010E1900DFF5B0 /* TimeLineCell */ = {
			isa = PBXNativeTarget;
			buildConfigurationList = 7BAF54D41E010E1900DFF5B0 /* Build configuration list for PBXNativeTarget "TimeLineCell" */;
			buildPhases = (
				7BAF54A31E010E1900DFF5B0 /* Sources */,
				7BAF54A41E010E1900DFF5B0 /* Frameworks */,
				7BAF54A51E010E1900DFF5B0 /* Resources */,
			);
			buildRules = (
			);
			dependencies = (
			);
			name = TimeLineCell;
			productName = TimeLineCell;
			productReference = 7BAF54A71E010E1900DFF5B0 /* TimeLineCell.app */;
			productType = "com.apple.product-type.application";
		};
		7BAF54BF1E010E1900DFF5B0 /* TimeLineCellTests */ = {
			isa = PBXNativeTarget;
			buildConfigurationList = 7BAF54D71E010E1900DFF5B0 /* Build configuration list for PBXNativeTarget "TimeLineCellTests" */;
			buildPhases = (
				7BAF54BC1E010E1900DFF5B0 /* Sources */,
				7BAF54BD1E010E1900DFF5B0 /* Frameworks */,
				7BAF54BE1E010E1900DFF5B0 /* Resources */,
			);
			buildRules = (
			);
			dependencies = (
				7BAF54C21E010E1900DFF5B0 /* PBXTargetDependency */,
			);
			name = TimeLineCellTests;
			productName = TimeLineCellTests;
			productReference = 7BAF54C01E010E1900DFF5B0 /* TimeLineCellTests.xctest */;
			productType = "com.apple.product-type.bundle.unit-test";
		};
		7BAF54CA1E010E1900DFF5B0 /* TimeLineCellUITests */ = {
			isa = PBXNativeTarget;
			buildConfigurationList = 7BAF54DA1E010E1900DFF5B0 /* Build configuration list for PBXNativeTarget "TimeLineCellUITests" */;
			buildPhases = (
				7BAF54C71E010E1900DFF5B0 /* Sources */,
				7BAF54C81E010E1900DFF5B0 /* Frameworks */,
				7BAF54C91E010E1900DFF5B0 /* Resources */,
			);
			buildRules = (
			);
			dependencies = (
				7BAF54CD1E010E1900DFF5B0 /* PBXTargetDependency */,
			);
			name = TimeLineCellUITests;
			productName = TimeLineCellUITests;
			productReference = 7BAF54CB1E010E1900DFF5B0 /* TimeLineCellUITests.xctest */;
			productType = "com.apple.product-type.bundle.ui-testing";
		};
/* End PBXNativeTarget section */

/* Begin PBXProject section */
		7BAF549F1E010E1900DFF5B0 /* Project object */ = {
			isa = PBXProject;
			attributes = {
				LastUpgradeCheck = 0810;
				ORGANIZATIONNAME = cc;
				TargetAttributes = {
					7BAF54A61E010E1900DFF5B0 = {
						CreatedOnToolsVersion = 8.1;
						ProvisioningStyle = Automatic;
					};
					7BAF54BF1E010E1900DFF5B0 = {
						CreatedOnToolsVersion = 8.1;
						ProvisioningStyle = Automatic;
						TestTargetID = 7BAF54A61E010E1900DFF5B0;
					};
					7BAF54CA1E010E1900DFF5B0 = {
						CreatedOnToolsVersion = 8.1;
						ProvisioningStyle = Automatic;
						TestTargetID = 7BAF54A61E010E1900DFF5B0;
					};
				};
			};
			buildConfigurationList = 7BAF54A21E010E1900DFF5B0 /* Build configuration list for PBXProject "TimeLineCell" */;
			compatibilityVersion = "Xcode 3.2";
			developmentRegion = English;
			hasScannedForEncodings = 0;
			knownRegions = (
				en,
				Base,
			);
			mainGroup = 7BAF549E1E010E1900DFF5B0;
			productRefGroup = 7BAF54A81E010E1900DFF5B0 /* Products */;
			projectDirPath = "";
			projectRoot = "";
			targets = (
				7BAF54A61E010E1900DFF5B0 /* TimeLineCell */,
				7BAF54BF1E010E1900DFF5B0 /* TimeLineCellTests */,
				7BAF54CA1E010E1900DFF5B0 /* TimeLineCellUITests */,
			);
		};
/* End PBXProject section */

/* Begin PBXResourcesBuildPhase section */
		7BAF54A51E010E1900DFF5B0 /* Resources */ = {
			isa = PBXResourcesBuildPhase;
			buildActionMask = 2147483647;
			files = (
				7BAF54F01E014ACB00DFF5B0 /* 时间线进度.png in Resources */,
				7BAF54EB1E01138900DFF5B0 /* TimeTableViewCell.xib in Resources */,
				7BAF54BA1E010E1900DFF5B0 /* LaunchScreen.storyboard in Resources */,
				7BAF54B71E010E1900DFF5B0 /* Assets.xcassets in Resources */,
				7BAF54B51E010E1900DFF5B0 /* Main.storyboard in Resources */,
			);
			runOnlyForDeploymentPostprocessing = 0;
		};
		7BAF54BE1E010E1900DFF5B0 /* Resources */ = {
			isa = PBXResourcesBuildPhase;
			buildActionMask = 2147483647;
			files = (
			);
			runOnlyForDeploymentPostprocessing = 0;
		};
		7BAF54C91E010E1900DFF5B0 /* Resources */ = {
			isa = PBXResourcesBuildPhase;
			buildActionMask = 2147483647;
			files = (
			);
			runOnlyForDeploymentPostprocessing = 0;
		};
/* End PBXResourcesBuildPhase section */

/* Begin PBXSourcesBuildPhase section */
		7BAF54A31E010E1900DFF5B0 /* Sources */ = {
			isa = PBXSourcesBuildPhase;
			buildActionMask = 2147483647;
			files = (
				7BAF54EA1E01138900DFF5B0 /* TimeTableViewCell.m in Sources */,
				7BAF54B21E010E1900DFF5B0 /* ViewController.m in Sources */,
				7BAF54AF1E010E1900DFF5B0 /* AppDelegate.m in Sources */,
				7BAF54EE1E0114A900DFF5B0 /* TimeModel.m in Sources */,
				7BAF54AC1E010E1900DFF5B0 /* main.m in Sources */,
			);
			runOnlyForDeploymentPostprocessing = 0;
		};
		7BAF54BC1E010E1900DFF5B0 /* Sources */ = {
			isa = PBXSourcesBuildPhase;
			buildActionMask = 2147483647;
			files = (
				7BAF54C51E010E1900DFF5B0 /* TimeLineCellTests.m in Sources */,
			);
			runOnlyForDeploymentPostprocessing = 0;
		};
		7BAF54C71E010E1900DFF5B0 /* Sources */ = {
			isa = PBXSourcesBuildPhase;
			buildActionMask = 2147483647;
			files = (
				7BAF54D01E010E1900DFF5B0 /* TimeLineCellUITests.m in Sources */,
			);
			runOnlyForDeploymentPostprocessing = 0;
		};
/* End PBXSourcesBuildPhase section */

/* Begin PBXTargetDependency section */
		7BAF54C21E010E1900DFF5B0 /* PBXTargetDependency */ = {
			isa = PBXTargetDependency;
			target = 7BAF54A61E010E1900DFF5B0 /* TimeLineCell */;
			targetProxy = 7BAF54C11E010E1900DFF5B0 /* PBXContainerItemProxy */;
		};
		7BAF54CD1E010E1900DFF5B0 /* PBXTargetDependency */ = {
			isa = PBXTargetDependency;
			target = 7BAF54A61E010E1900DFF5B0 /* TimeLineCell */;
			targetProxy = 7BAF54CC1E010E1900DFF5B0 /* PBXContainerItemProxy */;
		};
/* End PBXTargetDependency section */

/* Begin PBXVariantGroup section */
		7BAF54B31E010E1900DFF5B0 /* Main.storyboard */ = {
			isa = PBXVariantGroup;
			children = (
				7BAF54B41E010E1900DFF5B0 /* Base */,
			);
			name = Main.storyboard;
			sourceTree = "<group>";
		};
		7BAF54B81E010E1900DFF5B0 /* LaunchScreen.storyboard */ = {
			isa = PBXVariantGroup;
			children = (
				7BAF54B91E010E1900DFF5B0 /* Base */,
			);
			name = LaunchScreen.storyboard;
			sourceTree = "<group>";
		};
/* End PBXVariantGroup section */

/* Begin XCBuildConfiguration section */
		7BAF54D21E010E1900DFF5B0 /* Debug */ = {
			isa = XCBuildConfiguration;
			buildSettings = {
				ALWAYS_SEARCH_USER_PATHS = NO;
				CLANG_ANALYZER_NONNULL = YES;
				CLANG_CXX_LANGUAGE_STANDARD = "gnu++0x";
				CLANG_CXX_LIBRARY = "libc++";
				CLANG_ENABLE_MODULES = YES;
				CLANG_ENABLE_OBJC_ARC = YES;
				CLANG_WARN_BOOL_CONVERSION = YES;
				CLANG_WARN_CONSTANT_CONVERSION = YES;
				CLANG_WARN_DIRECT_OBJC_ISA_USAGE = YES_ERROR;
				CLANG_WARN_DOCUMENTATION_COMMENTS = YES;
				CLANG_WARN_EMPTY_BODY = YES;
				CLANG_WARN_ENUM_CONVERSION = YES;
				CLANG_WARN_INFINITE_RECURSION = YES;
				CLANG_WARN_INT_CONVERSION = YES;
				CLANG_WARN_OBJC_ROOT_CLASS = YES_ERROR;
				CLANG_WARN_SUSPICIOUS_MOVES = YES;
				CLANG_WARN_UNREACHABLE_CODE = YES;
				CLANG_WARN__DUPLICATE_METHOD_MATCH = YES;
				"CODE_SIGN_IDENTITY[sdk=iphoneos*]" = "iPhone Developer";
				COPY_PHASE_STRIP = NO;
				DEBUG_INFORMATION_FORMAT = dwarf;
				ENABLE_STRICT_OBJC_MSGSEND = YES;
				ENABLE_TESTABILITY = YES;
				GCC_C_LANGUAGE_STANDARD = gnu99;
				GCC_DYNAMIC_NO_PIC = NO;
				GCC_NO_COMMON_BLOCKS = YES;
				GCC_OPTIMIZATION_LEVEL = 0;
				GCC_PREPROCESSOR_DEFINITIONS = (
					"DEBUG=1",
					"$(inherited)",
				);
				GCC_WARN_64_TO_32_BIT_CONVERSION = YES;
				GCC_WARN_ABOUT_RETURN_TYPE = YES_ERROR;
				GCC_WARN_UNDECLARED_SELECTOR = YES;
				GCC_WARN_UNINITIALIZED_AUTOS = YES_AGGRESSIVE;
				GCC_WARN_UNUSED_FUNCTION = YES;
				GCC_WARN_UNUSED_VARIABLE = YES;
				IPHONEOS_DEPLOYMENT_TARGET = 10.1;
				MTL_ENABLE_DEBUG_INFO = YES;
				ONLY_ACTIVE_ARCH = YES;
				SDKROOT = iphoneos;
			};
			name = Debug;
		};
		7BAF54D31E010E1900DFF5B0 /* Release */ = {
			isa = XCBuildConfiguration;
			buildSettings = {
				ALWAYS_SEARCH_USER_PATHS = NO;
				CLANG_ANALYZER_NONNULL = YES;
				CLANG_CXX_LANGUAGE_STANDARD = "gnu++0x";
				CLANG_CXX_LIBRARY = "libc++";
				CLANG_ENABLE_MODULES = YES;
				CLANG_ENABLE_OBJC_ARC = YES;
				CLANG_WARN_BOOL_CONVERSION = YES;
				CLANG_WARN_CONSTANT_CONVERSION = YES;
				CLANG_WARN_DIRECT_OBJC_ISA_USAGE = YES_ERROR;
				CLANG_WARN_DOCUMENTATION_COMMENTS = YES;
				CLANG_WARN_EMPTY_BODY = YES;
				CLANG_WARN_ENUM_CONVERSION = YES;
				CLANG_WARN_INFINITE_RECURSION = YES;
				CLANG_WARN_INT_CONVERSION = YES;
				CLANG_WARN_OBJC_ROOT_CLASS = YES_ERROR;
				CLANG_WARN_SUSPICIOUS_MOVES = YES;
				CLANG_WARN_UNREACHABLE_CODE = YES;
				CLANG_WARN__DUPLICATE_METHOD_MATCH = YES;
				"CODE_SIGN_IDENTITY[sdk=iphoneos*]" = "iPhone Developer";
				COPY_PHASE_STRIP = NO;
				DEBUG_INFORMATION_FORMAT = "dwarf-with-dsym";
				ENABLE_NS_ASSERTIONS = NO;
				ENABLE_STRICT_OBJC_MSGSEND = YES;
				GCC_C_LANGUAGE_STANDARD = gnu99;
				GCC_NO_COMMON_BLOCKS = YES;
				GCC_WARN_64_TO_32_BIT_CONVERSION = YES;
				GCC_WARN_ABOUT_RETURN_TYPE = YES_ERROR;
				GCC_WARN_UNDECLARED_SELECTOR = YES;
				GCC_WARN_UNINITIALIZED_AUTOS = YES_AGGRESSIVE;
				GCC_WARN_UNUSED_FUNCTION = YES;
				GCC_WARN_UNUSED_VARIABLE = YES;
				IPHONEOS_DEPLOYMENT_TARGET = 10.1;
				MTL_ENABLE_DEBUG_INFO = NO;
				SDKROOT = iphoneos;
				VALIDATE_PRODUCT = YES;
			};
			name = Release;
		};
		7BAF54D51E010E1900DFF5B0 /* Debug */ = {
			isa = XCBuildConfiguration;
			buildSettings = {
				ASSETCATALOG_COMPILER_APPICON_NAME = AppIcon;
				DEVELOPMENT_TEAM = "";
				INFOPLIST_FILE = TimeLineCell/Info.plist;
				LD_RUNPATH_SEARCH_PATHS = "$(inherited) @executable_path/Frameworks";
				PRODUCT_BUNDLE_IDENTIFIER = com.cc.TimeLineCell;
				PRODUCT_NAME = "$(TARGET_NAME)";
			};
			name = Debug;
		};
		7BAF54D61E010E1900DFF5B0 /* Release */ = {
			isa = XCBuildConfiguration;
			buildSettings = {
				ASSETCATALOG_COMPILER_APPICON_NAME = AppIcon;
				DEVELOPMENT_TEAM = "";
				INFOPLIST_FILE = TimeLineCell/Info.plist;
				LD_RUNPATH_SEARCH_PATHS = "$(inherited) @executable_path/Frameworks";
				PRODUCT_BUNDLE_IDENTIFIER = com.cc.TimeLineCell;
				PRODUCT_NAME = "$(TARGET_NAME)";
			};
			name = Release;
		};
		7BAF54D81E010E1900DFF5B0 /* Debug */ = {
			isa = XCBuildConfiguration;
			buildSettings = {
				BUNDLE_LOADER = "$(TEST_HOST)";
				INFOPLIST_FILE = TimeLineCellTests/Info.plist;
				LD_RUNPATH_SEARCH_PATHS = "$(inherited) @executable_path/Frameworks @loader_path/Frameworks";
				PRODUCT_BUNDLE_IDENTIFIER = com.cc.TimeLineCellTests;
				PRODUCT_NAME = "$(TARGET_NAME)";
				TEST_HOST = "$(BUILT_PRODUCTS_DIR)/TimeLineCell.app/TimeLineCell";
			};
			name = Debug;
		};
		7BAF54D91E010E1900DFF5B0 /* Release */ = {
			isa = XCBuildConfiguration;
			buildSettings = {
				BUNDLE_LOADER = "$(TEST_HOST)";
				INFOPLIST_FILE = TimeLineCellTests/Info.plist;
				LD_RUNPATH_SEARCH_PATHS = "$(inherited) @executable_path/Frameworks @loader_path/Frameworks";
				PRODUCT_BUNDLE_IDENTIFIER = com.cc.TimeLineCellTests;
				PRODUCT_NAME = "$(TARGET_NAME)";
				TEST_HOST = "$(BUILT_PRODUCTS_DIR)/TimeLineCell.app/TimeLineCell";
			};
			name = Release;
		};
		7BAF54DB1E010E1900DFF5B0 /* Debug */ = {
			isa = XCBuildConfiguration;
			buildSettings = {
				INFOPLIST_FILE = TimeLineCellUITests/Info.plist;
				LD_RUNPATH_SEARCH_PATHS = "$(inherited) @executable_path/Frameworks @loader_path/Frameworks";
				PRODUCT_BUNDLE_IDENTIFIER = com.cc.TimeLineCellUITests;
				PRODUCT_NAME = "$(TARGET_NAME)";
				TEST_TARGET_NAME = TimeLineCell;
			};
			name = Debug;
		};
		7BAF54DC1E010E1900DFF5B0 /* Release */ = {
			isa = XCBuildConfiguration;
			buildSettings = {
				INFOPLIST_FILE = TimeLineCellUITests/Info.plist;
				LD_RUNPATH_SEARCH_PATHS = "$(inherited) @executable_path/Frameworks @loader_path/Frameworks";
				PRODUCT_BUNDLE_IDENTIFIER = com.cc.TimeLineCellUITests;
				PRODUCT_NAME = "$(TARGET_NAME)";
				TEST_TARGET_NAME = TimeLineCell;
			};
			name = Release;
		};
/* End XCBuildConfiguration section */

/* Begin XCConfigurationList section */
		7BAF54A21E010E1900DFF5B0 /* Build configuration list for PBXProject "TimeLineCell" */ = {
			isa = XCConfigurationList;
			buildConfigurations = (
				7BAF54D21E010E1900DFF5B0 /* Debug */,
				7BAF54D31E010E1900DFF5B0 /* Release */,
			);
			defaultConfigurationIsVisible = 0;
			defaultConfigurationName = Release;
		};
		7BAF54D41E010E1900DFF5B0 /* Build configuration list for PBXNativeTarget "TimeLineCell" */ = {
			isa = XCConfigurationList;
			buildConfigurations = (
				7BAF54D51E010E1900DFF5B0 /* Debug */,
				7BAF54D61E010E1900DFF5B0 /* Release */,
			);
			defaultConfigurationIsVisible = 0;
			defaultConfigurationName = Release;
		};
		7BAF54D71E010E1900DFF5B0 /* Build configuration list for PBXNativeTarget "TimeLineCellTests" */ = {
			isa = XCConfigurationList;
			buildConfigurations = (
				7BAF54D81E010E1900DFF5B0 /* Debug */,
				7BAF54D91E010E1900DFF5B0 /* Release */,
			);
			defaultConfigurationIsVisible = 0;
			defaultConfigurationName = Release;
		};
		7BAF54DA1E010E1900DFF5B0 /* Build configuration list for PBXNativeTarget "TimeLineCellUITests" */ = {
			isa = XCConfigurationList;
			buildConfigurations = (
				7BAF54DB1E010E1900DFF5B0 /* Debug */,
				7BAF54DC1E010E1900DFF5B0 /* Release */,
			);
			defaultConfigurationIsVisible = 0;
			defaultConfigurationName = Release;
		};
/* End XCConfigurationList section */
	};
	rootObject = 7BAF549F1E010E1900DFF5B0 /* Project object */;
}
